{
  "version": 4,
  "terraform_version": "1.4.0",
  "serial": 55,
  "lineage": "e323ebd1-fa00-520c-5e2c-f484505cb760",
  "outputs": {},
  "resources": [
    {
      "mode": "managed",
      "type": "google_container_cluster",
      "name": "ilekic_cluster",
      "provider": "provider[\"registry.terraform.io/hashicorp/google\"]",
      "instances": [
        {
          "schema_version": 2,
          "attributes": {
            "addons_config": [
              {
                "cloudrun_config": [],
                "config_connector_config": [],
                "dns_cache_config": [],
                "gce_persistent_disk_csi_driver_config": [
                  {
                    "enabled": true
                  }
                ],
                "gcp_filestore_csi_driver_config": [],
                "gcs_fuse_csi_driver_config": [],
                "gke_backup_agent_config": [],
                "horizontal_pod_autoscaling": [],
                "http_load_balancing": [],
                "network_policy_config": [
                  {
                    "disabled": true
                  }
                ]
              }
            ],
            "allow_net_admin": null,
            "authenticator_groups_config": [],
            "binary_authorization": [
              {
                "enabled": false,
                "evaluation_mode": ""
              }
            ],
            "cluster_autoscaling": [
              {
                "auto_provisioning_defaults": [],
                "enabled": false,
                "resource_limits": []
              }
            ],
            "cluster_ipv4_cidr": "10.56.0.0/14",
            "confidential_nodes": [],
            "cost_management_config": [],
            "database_encryption": [
              {
                "key_name": "",
                "state": "DECRYPTED"
              }
            ],
            "datapath_provider": "",
            "default_max_pods_per_node": 110,
            "default_snat_status": [
              {
                "disabled": false
              }
            ],
            "deletion_protection": false,
            "description": "",
            "dns_config": [],
            "enable_autopilot": false,
            "enable_intranode_visibility": false,
            "enable_k8s_beta_apis": [],
            "enable_kubernetes_alpha": false,
            "enable_l4_ilb_subsetting": false,
            "enable_legacy_abac": false,
            "enable_shielded_nodes": true,
            "enable_tpu": false,
            "endpoint": "34.30.197.33",
            "gateway_api_config": [],
            "id": "projects/gd-gcp-gridu-devops-t1-t2/locations/us-central1/clusters/ilekic-cluster",
            "identity_service_config": [],
            "initial_node_count": 1,
            "ip_allocation_policy": [
              {
                "additional_pod_ranges_config": [],
                "cluster_ipv4_cidr_block": "10.56.0.0/14",
                "cluster_secondary_range_name": "gke-ilekic-cluster-pods-20fb3081",
                "pod_cidr_overprovision_config": [
                  {
                    "disabled": false
                  }
                ],
                "services_ipv4_cidr_block": "10.60.0.0/20",
                "services_secondary_range_name": "gke-ilekic-cluster-services-20fb3081",
                "stack_type": "IPV4"
              }
            ],
            "label_fingerprint": "a9dc16a7",
            "location": "us-central1",
            "logging_config": [
              {
                "enable_components": [
                  "SYSTEM_COMPONENTS",
                  "WORKLOADS"
                ]
              }
            ],
            "logging_service": "logging.googleapis.com/kubernetes",
            "maintenance_policy": [],
            "master_auth": [
              {
                "client_certificate": "",
                "client_certificate_config": [
                  {
                    "issue_client_certificate": false
                  }
                ],
                "client_key": "",
                "cluster_ca_certificate": "LS0tLS1CRUdJTiBDRVJUSUZJQ0FURS0tLS0tCk1JSUVMVENDQXBXZ0F3SUJBZ0lSQU9kSy9MdzIzRzdDZWVQTk1qeFhYVkF3RFFZSktvWklodmNOQVFFTEJRQXcKTHpFdE1Dc0dBMVVFQXhNa01EUm1ORGcyTmpNdFl6azJOaTAwTW1KaUxXSTJZVFV0WkdObU9ETmtNalJrTmpFNQpNQ0FYRFRJek1URXdNekUxTURZeE5sb1lEekl3TlRNeE1ESTJNVFl3TmpFMldqQXZNUzB3S3dZRFZRUURFeVF3Ck5HWTBPRFkyTXkxak9UWTJMVFF5WW1JdFlqWmhOUzFrWTJZNE0yUXlOR1EyTVRrd2dnR2lNQTBHQ1NxR1NJYjMKRFFFQkFRVUFBNElCandBd2dnR0tBb0lCZ1FDbEZiRENXWnNyNnJoYkRDd3Awb3cvOWExbXpYM3lLdVVMa1F6Ygp6c0NoYVpGQm1Sem5OZkVTazlRMHV2UzNOejZkMURNbm50NFlncDFiWkVyNC9BSy9CUXZsVmxXT1Nzb1ZrVlFrCjAwQlRiTmJua2xoVjlaWWllMUtwSHFpeFBJMEFHZVdLd1k1QlNpNGVJZ2JqNGZLbTI1L0Z4QWNGaXoreThEdW0KTjRJRUY4cjlJNjVnOHJFdERCU1RodCtZQlVsMkI4cDNMTTlIRTgxVTVONGRlN1k2SWd4ZG9TSlpRemhUaVFvYQpOUUVTT0JxZXBOQis3aUdTZ0QyekxLdlV6L0pndVJ1RVhqeWgvNHV1cHVzdHdqcFhjcWd5ciszT1BaZlVCT0l0CnY1WU5rWTRMcGE2SndscVRUUDJkVFJCU0hDNzhOMEdrcmcwOC9TN0NUMCtVVFcycUhrQ1N3eFBKVHZ5V1BCUlMKQ0dodERmWldWakhwQXVRcm5tVGsweXZsenBQUnlVVXdHVytPaVRnTnRKR21OdzBabkhyc3AxSVp5akdodjc0VQo4QU5hT3pNeHZuVlZIR3BONWJ5Y1hwNVJxUVpUSkpYUEVXV003U0lic0NvdXFnSHVBNm9DMXpzZzNGZ3pWWVZSCkFicHl1VE5uMjdvdTJubXFxRlZON0Q5M2lWMENBd0VBQWFOQ01FQXdEZ1lEVlIwUEFRSC9CQVFEQWdJRU1BOEcKQTFVZEV3RUIvd1FGTUFNQkFmOHdIUVlEVlIwT0JCWUVGSEx1aFROR0hoYWVhK2tlbzlMby80b3NrNXkxTUEwRwpDU3FHU0liM0RRRUJDd1VBQTRJQmdRQUlTdjRvcS8xdHo3bVNSQW5DOE1BazY2S0IySzdtbGQ4eW9jemdnTlZnCmUwSmdZa0dtbEVvRFl4Ny9XcGw3TW5zalN1aitORm1UZ0xSb2Y0bzBHQTRsV24yTnI0cWdEWmNFRzVUWGZxQ2MKZXljOFBWMENRMnN3ZEpWRE5XRnRRWGJqZEZmQ2QzbERpTU81MEF1Z3BUNGlHVnA2Y2NoQ0orNzFFRFVLT0MxcgpCejVHMCtCT2NWUWJuZE9SN3BaS1BLWms5ZHlWVk9rQzZmQ1dnWEQ4OGNHOFFvaksyODNPT2djc3pxWFF5TG1ECi9GNy9ScTlTUDFTZXNQdFNBWnBvY3UrT3hVNGs2S1Q5OGNGeGlXTTFpM0FKS3RoZm5MS0xwbSthbHI4SXB1L0gKMTRVcHh1SkM0QnA5MkVqZ1QvOXJ2TDFYSVgyakpwNUVLRzZuUGNGT29JKzMwVEF6RUVza2pTV1pidmRlaGdrRwpvaWhUWitSWHlQRVlvTy91QlNkeDB4N3NqeGx2UlFTdkZiTm9jZVN4eVRUYlZRVFlPRUZOYW9odVFjL09JQ0wxCkV5bDFFTmFGbis4NVZwNlNxUVg1RUNqZFVOWTY1a0lVRlJkdEZnSWdld1VtNVQzcWs1UkZiNnR5akcvdWhRZzIKWEZCdisxTDlGRTJkTlVYdWZETWczUWs9Ci0tLS0tRU5EIENFUlRJRklDQVRFLS0tLS0K"
              }
            ],
            "master_authorized_networks_config": [],
            "master_version": "1.27.3-gke.100",
            "mesh_certificates": [],
            "min_master_version": null,
            "monitoring_config": [
              {
                "advanced_datapath_observability_config": [
                  {
                    "enable_metrics": false,
                    "relay_mode": "DISABLED"
                  }
                ],
                "enable_components": [
                  "SYSTEM_COMPONENTS"
                ],
                "managed_prometheus": [
                  {
                    "enabled": true
                  }
                ]
              }
            ],
            "monitoring_service": "monitoring.googleapis.com/kubernetes",
            "name": "ilekic-cluster",
            "network": "projects/gd-gcp-gridu-devops-t1-t2/global/networks/default",
            "network_policy": [
              {
                "enabled": false,
                "provider": "PROVIDER_UNSPECIFIED"
              }
            ],
            "networking_mode": "VPC_NATIVE",
            "node_config": [
              {
                "advanced_machine_features": [],
                "boot_disk_kms_key": "",
                "confidential_nodes": [],
                "disk_size_gb": 100,
                "disk_type": "pd-balanced",
                "effective_taints": [],
                "ephemeral_storage_local_ssd_config": [],
                "fast_socket": [],
                "gcfs_config": [],
                "guest_accelerator": [],
                "gvnic": [],
                "host_maintenance_policy": [],
                "image_type": "COS_CONTAINERD",
                "kubelet_config": [],
                "labels": {},
                "linux_node_config": [],
                "local_nvme_ssd_block_config": [],
                "local_ssd_count": 0,
                "logging_variant": "DEFAULT",
                "machine_type": "e2-medium",
                "metadata": {
                  "disable-legacy-endpoints": "true"
                },
                "min_cpu_platform": "",
                "node_group": "",
                "oauth_scopes": [
                  "https://www.googleapis.com/auth/devstorage.read_only",
                  "https://www.googleapis.com/auth/logging.write",
                  "https://www.googleapis.com/auth/monitoring",
                  "https://www.googleapis.com/auth/service.management.readonly",
                  "https://www.googleapis.com/auth/servicecontrol",
                  "https://www.googleapis.com/auth/trace.append"
                ],
                "preemptible": false,
                "reservation_affinity": [],
                "resource_labels": {},
                "service_account": "default",
                "shielded_instance_config": [
                  {
                    "enable_integrity_monitoring": true,
                    "enable_secure_boot": false
                  }
                ],
                "sole_tenant_config": [],
                "spot": false,
                "tags": [],
                "taint": [],
                "workload_metadata_config": []
              }
            ],
            "node_locations": [
              "us-central1-a",
              "us-central1-b",
              "us-central1-c"
            ],
            "node_pool": [
              {
                "autoscaling": [],
                "initial_node_count": 1,
                "instance_group_urls": [
                  "https://www.googleapis.com/compute/v1/projects/gd-gcp-gridu-devops-t1-t2/zones/us-central1-a/instanceGroupManagers/gke-ilekic-cluster-default-pool-9c194b72-grp",
                  "https://www.googleapis.com/compute/v1/projects/gd-gcp-gridu-devops-t1-t2/zones/us-central1-b/instanceGroupManagers/gke-ilekic-cluster-default-pool-893b6be6-grp",
                  "https://www.googleapis.com/compute/v1/projects/gd-gcp-gridu-devops-t1-t2/zones/us-central1-c/instanceGroupManagers/gke-ilekic-cluster-default-pool-654871d2-grp"
                ],
                "managed_instance_group_urls": [
                  "https://www.googleapis.com/compute/v1/projects/gd-gcp-gridu-devops-t1-t2/zones/us-central1-a/instanceGroups/gke-ilekic-cluster-default-pool-9c194b72-grp",
                  "https://www.googleapis.com/compute/v1/projects/gd-gcp-gridu-devops-t1-t2/zones/us-central1-b/instanceGroups/gke-ilekic-cluster-default-pool-893b6be6-grp",
                  "https://www.googleapis.com/compute/v1/projects/gd-gcp-gridu-devops-t1-t2/zones/us-central1-c/instanceGroups/gke-ilekic-cluster-default-pool-654871d2-grp"
                ],
                "management": [
                  {
                    "auto_repair": true,
                    "auto_upgrade": true
                  }
                ],
                "max_pods_per_node": 110,
                "name": "default-pool",
                "name_prefix": "",
                "network_config": [
                  {
                    "create_pod_range": false,
                    "enable_private_nodes": false,
                    "pod_cidr_overprovision_config": [],
                    "pod_ipv4_cidr_block": "10.56.0.0/14",
                    "pod_range": "gke-ilekic-cluster-pods-20fb3081"
                  }
                ],
                "node_config": [
                  {
                    "advanced_machine_features": [],
                    "boot_disk_kms_key": "",
                    "confidential_nodes": [],
                    "disk_size_gb": 100,
                    "disk_type": "pd-balanced",
                    "effective_taints": [],
                    "ephemeral_storage_local_ssd_config": [],
                    "fast_socket": [],
                    "gcfs_config": [],
                    "guest_accelerator": [],
                    "gvnic": [],
                    "host_maintenance_policy": [],
                    "image_type": "COS_CONTAINERD",
                    "kubelet_config": [],
                    "labels": {},
                    "linux_node_config": [],
                    "local_nvme_ssd_block_config": [],
                    "local_ssd_count": 0,
                    "logging_variant": "DEFAULT",
                    "machine_type": "e2-medium",
                    "metadata": {
                      "disable-legacy-endpoints": "true"
                    },
                    "min_cpu_platform": "",
                    "node_group": "",
                    "oauth_scopes": [
                      "https://www.googleapis.com/auth/devstorage.read_only",
                      "https://www.googleapis.com/auth/logging.write",
                      "https://www.googleapis.com/auth/monitoring",
                      "https://www.googleapis.com/auth/service.management.readonly",
                      "https://www.googleapis.com/auth/servicecontrol",
                      "https://www.googleapis.com/auth/trace.append"
                    ],
                    "preemptible": false,
                    "reservation_affinity": [],
                    "resource_labels": {},
                    "service_account": "default",
                    "shielded_instance_config": [
                      {
                        "enable_integrity_monitoring": true,
                        "enable_secure_boot": false
                      }
                    ],
                    "sole_tenant_config": [],
                    "spot": false,
                    "tags": [],
                    "taint": [],
                    "workload_metadata_config": []
                  }
                ],
                "node_count": 1,
                "node_locations": [
                  "us-central1-a",
                  "us-central1-b",
                  "us-central1-c"
                ],
                "placement_policy": [],
                "upgrade_settings": [
                  {
                    "blue_green_settings": [],
                    "max_surge": 1,
                    "max_unavailable": 0,
                    "strategy": "SURGE"
                  }
                ],
                "version": "1.27.3-gke.100"
              }
            ],
            "node_pool_auto_config": [],
            "node_pool_defaults": [
              {
                "node_config_defaults": [
                  {
                    "logging_variant": "DEFAULT"
                  }
                ]
              }
            ],
            "node_version": "1.27.3-gke.100",
            "notification_config": [
              {
                "pubsub": [
                  {
                    "enabled": false,
                    "filter": [],
                    "topic": ""
                  }
                ]
              }
            ],
            "operation": null,
            "private_cluster_config": [
              {
                "enable_private_endpoint": false,
                "enable_private_nodes": false,
                "master_global_access_config": [
                  {
                    "enabled": false
                  }
                ],
                "master_ipv4_cidr_block": "",
                "peering_name": "",
                "private_endpoint": "10.128.0.15",
                "private_endpoint_subnetwork": "",
                "public_endpoint": "34.30.197.33"
              }
            ],
            "private_ipv6_google_access": "",
            "project": "gd-gcp-gridu-devops-t1-t2",
            "release_channel": [
              {
                "channel": "REGULAR"
              }
            ],
            "remove_default_node_pool": null,
            "resource_labels": {},
            "resource_usage_export_config": [],
            "security_posture_config": [
              {
                "mode": "BASIC",
                "vulnerability_mode": "VULNERABILITY_MODE_UNSPECIFIED"
              }
            ],
            "self_link": "https://container.googleapis.com/v1/projects/gd-gcp-gridu-devops-t1-t2/locations/us-central1/clusters/ilekic-cluster",
            "service_external_ips_config": [
              {
                "enabled": false
              }
            ],
            "services_ipv4_cidr": "10.60.0.0/20",
            "subnetwork": "projects/gd-gcp-gridu-devops-t1-t2/regions/us-central1/subnetworks/default",
            "timeouts": null,
            "tpu_ipv4_cidr_block": "",
            "vertical_pod_autoscaling": [],
            "workload_identity_config": []
          },
          "sensitive_attributes": [],
          "private": "eyJlMmJmYjczMC1lY2FhLTExZTYtOGY4OC0zNDM2M2JjN2M0YzAiOnsiY3JlYXRlIjoyNDAwMDAwMDAwMDAwLCJkZWxldGUiOjI0MDAwMDAwMDAwMDAsInJlYWQiOjI0MDAwMDAwMDAwMDAsInVwZGF0ZSI6MzYwMDAwMDAwMDAwMH0sInNjaGVtYV92ZXJzaW9uIjoiMiJ9"
        }
      ]
    },
    {
      "mode": "managed",
      "type": "null_resource",
      "name": "apply_k8s_resources",
      "provider": "provider[\"registry.terraform.io/hashicorp/null\"]",
      "instances": [
        {
          "status": "tainted",
          "schema_version": 0,
          "attributes": {
            "id": "4111675868067267767",
            "triggers": {
              "config_sha": "7ee27c1f1a2b0b2fa9bb11c0e39f0d251e384946"
            }
          },
          "sensitive_attributes": [],
          "dependencies": [
            "google_container_cluster.ilekic_cluster"
          ]
        }
      ]
    }
  ],
  "check_results": null
}
