{
  "version": 4,
  "terraform_version": "1.4.0",
  "serial": 107,
  "lineage": "e323ebd1-fa00-520c-5e2c-f484505cb760",
  "outputs": {},
  "resources": [
    {
      "mode": "managed",
      "type": "google_container_cluster",
      "name": "vdjurovic_cluster",
      "provider": "provider[\"registry.terraform.io/hashicorp/google\"]",
      "instances": [
        {
          "schema_version": 2,
          "attributes": {
            "addons_config": [
              {
                "cloudrun_config": [],
                "config_connector_config": [],
                "dns_cache_config": [],
                "gce_persistent_disk_csi_driver_config": [
                  {
                    "enabled": true
                  }
                ],
                "gcp_filestore_csi_driver_config": [],
                "gcs_fuse_csi_driver_config": [],
                "gke_backup_agent_config": [],
                "horizontal_pod_autoscaling": [],
                "http_load_balancing": [],
                "network_policy_config": [
                  {
                    "disabled": true
                  }
                ]
              }
            ],
            "allow_net_admin": null,
            "authenticator_groups_config": [],
            "binary_authorization": [
              {
                "enabled": false,
                "evaluation_mode": ""
              }
            ],
            "cluster_autoscaling": [
              {
                "auto_provisioning_defaults": [],
                "enabled": false,
                "resource_limits": []
              }
            ],
            "cluster_ipv4_cidr": "10.96.0.0/14",
            "confidential_nodes": [],
            "cost_management_config": [],
            "database_encryption": [
              {
                "key_name": "",
                "state": "DECRYPTED"
              }
            ],
            "datapath_provider": "",
            "default_max_pods_per_node": 110,
            "default_snat_status": [
              {
                "disabled": false
              }
            ],
            "deletion_protection": false,
            "description": "",
            "dns_config": [],
            "enable_autopilot": false,
            "enable_intranode_visibility": false,
            "enable_k8s_beta_apis": [],
            "enable_kubernetes_alpha": false,
            "enable_l4_ilb_subsetting": false,
            "enable_legacy_abac": false,
            "enable_shielded_nodes": true,
            "enable_tpu": false,
            "endpoint": "34.70.167.77",
            "gateway_api_config": [],
            "id": "projects/gd-gcp-gridu-devops-t1-t2/locations/us-central1/clusters/vdjurovic-cluster",
            "identity_service_config": [],
            "initial_node_count": 1,
            "ip_allocation_policy": [
              {
                "additional_pod_ranges_config": [],
                "cluster_ipv4_cidr_block": "10.96.0.0/14",
                "cluster_secondary_range_name": "gke-vdjurovic-cluster-pods-7ee7ef45",
                "pod_cidr_overprovision_config": [
                  {
                    "disabled": false
                  }
                ],
                "services_ipv4_cidr_block": "10.100.0.0/20",
                "services_secondary_range_name": "gke-vdjurovic-cluster-services-7ee7ef45",
                "stack_type": "IPV4"
              }
            ],
            "label_fingerprint": "a9dc16a7",
            "location": "us-central1",
            "logging_config": [
              {
                "enable_components": [
                  "SYSTEM_COMPONENTS",
                  "WORKLOADS"
                ]
              }
            ],
            "logging_service": "logging.googleapis.com/kubernetes",
            "maintenance_policy": [],
            "master_auth": [
              {
                "client_certificate": "",
                "client_certificate_config": [
                  {
                    "issue_client_certificate": false
                  }
                ],
                "client_key": "",
                "cluster_ca_certificate": "LS0tLS1CRUdJTiBDRVJUSUZJQ0FURS0tLS0tCk1JSUVMVENDQXBXZ0F3SUJBZ0lSQVBhNFhSOFJ3SFRVVHRpdEpiWEVNWkF3RFFZSktvWklodmNOQVFFTEJRQXcKTHpFdE1Dc0dBMVVFQXhNa016UTRNRGsxWXprdE5tSXhOaTAwTXpSbUxUaGtPV1F0TjJVM056WmhOVGc0TkdOawpNQ0FYRFRJek1USXdNakU1TURnek1Gb1lEekl3TlRNeE1USTBNakF3T0RNd1dqQXZNUzB3S3dZRFZRUURFeVF6Ck5EZ3dPVFZqT1MwMllqRTJMVFF6TkdZdE9HUTVaQzAzWlRjM05tRTFPRGcwWTJRd2dnR2lNQTBHQ1NxR1NJYjMKRFFFQkFRVUFBNElCandBd2dnR0tBb0lCZ1FDZ3VQaXA2YUhCMnlwcXZIbjFxM0pSZ0YvQUxlMS8yWkVRTGt0UQpLUm1ubkNqRklndXJXd2JGY3l1dERMTXlRL1hFQXdZNndJbDJuclVLRU1Gclg2aHhiSldxMXlOVHRWbGxKQ3BYCm5xc2FTcG5sOGkvbnZlV2JDMlZPRFJ4M25VS0JIL3ZjNzErUk9wK3RGS0hQenNQZ2UrWERQYzUwQWFLeThXa28KSGswNUd4RDhDOVJhWXY2aEVsWjhpL0EyNE9GMTNEV1B0WW1QbThPVUtQMzVLNFhvWnBDS3gwM0ZEZ3pUYVQ1VwpSS1dnUXZSU3hHa29xTTA2cXl0TENXaCs2TSs3NEVWOWlIZStienY3ai9HUTIzeWswOEpNb2NtSkRlRVJlRkM2Ck5zZ3BXVTFiZnZRWTlsdXRWeUhCVTdZdElsUGpqaDhuUkoyYkZZS0NML3NpcnR2VEZQOStwTEVHRVlmTG9HWncKc29Sbm81LytsL0hIdTcrKzhaeVN6RThPazdJR2VxK1I1MkNCQ2h0aWVYeFFxU3NCc1pqTEJ1RWxVeFBVWUlCNQpHMEFhL3RTeE1uWFRvZjMveUwzQ0dZUnk4Ty9WT0hFR3k3ZEdYTGY2czdiNXpmNmE0RS9UeEhNaVRoUlBsRUV3CmYyNDlLdEVkbWM2cmJxRkhxemZ1THB6UVBTRUNBd0VBQWFOQ01FQXdEZ1lEVlIwUEFRSC9CQVFEQWdJRU1BOEcKQTFVZEV3RUIvd1FGTUFNQkFmOHdIUVlEVlIwT0JCWUVGQ3JNV2xMYlpLc0Ivekw0c1dvQVZmbHNqRDVBTUEwRwpDU3FHU0liM0RRRUJDd1VBQTRJQmdRQStpTTZnZVc5d2ZUT09SNlpGdjl1S3o4N01wODVPTEdHUG01Z2xFaVlTCjRKR25GdnQvVlc4QnFmcXUvTHd0RDA1aGhiYk1YWTV5eDJCMGlJdXZieE82TUZnMTF3WkRVNlo0QzZ1OURmMXoKWUVLMzdFcFJVRGcxZ2R3ZXdWV3pjV2tLZU1PVDVvS0VTcWpRU2NJK0FTLzhDMmVJWXdTWklTS2IxRERmYnRZaApHcGJ5NUJYdGNyOXVNNGNxR29QQVBiQ2RvbitlWUlJYzBrdEI3Z1UrbjBhSmI5OUoxbWFIYjVSelh5ZG1TbkQvCnh6SldSckk1dEVOeHBOVDJpNjhlUXlrZjJ4WHhrQlJ5UlZHZUpkNnVpZDlTc1krTC9aQjhCY250bHREQlRIMm4Kemk4NUV0K2JsTk1YTVU4NmFaWHRpSnNTWENxRnROM0F5d3F1cE9mTTNBWTV3WlQ1R1FhbEszWGdUcVJPcXl0eQpvTWxINnR3b2JxeHZ1U0pmYzh3UlZhVGU4OUJMNjJlSEFmaWZ1RElYamlnelc1WUk3Ny9NS3d3bkQ1NnhEVFRlCk4zMVhuRENOV2s2SzZHTVpuQ1BUUGhlTXBSRzF1b0pGVll3LzB3TkZqMVlKblFhcmF6SUhSTUxsb0pWZWNST2EKR0lSa0FOVlFiMXFsUTk3eFFzTkdMYk09Ci0tLS0tRU5EIENFUlRJRklDQVRFLS0tLS0K"
              }
            ],
            "master_authorized_networks_config": [],
            "master_version": "1.27.3-gke.100",
            "mesh_certificates": [],
            "min_master_version": null,
            "monitoring_config": [
              {
                "advanced_datapath_observability_config": [
                  {
                    "enable_metrics": false,
                    "relay_mode": ""
                  }
                ],
                "enable_components": [
                  "SYSTEM_COMPONENTS"
                ],
                "managed_prometheus": [
                  {
                    "enabled": true
                  }
                ]
              }
            ],
            "monitoring_service": "monitoring.googleapis.com/kubernetes",
            "name": "vdjurovic-cluster",
            "network": "projects/gd-gcp-gridu-devops-t1-t2/global/networks/default",
            "network_policy": [
              {
                "enabled": false,
                "provider": "PROVIDER_UNSPECIFIED"
              }
            ],
            "networking_mode": "VPC_NATIVE",
            "node_config": [
              {
                "advanced_machine_features": [],
                "boot_disk_kms_key": "",
                "confidential_nodes": [],
                "disk_size_gb": 100,
                "disk_type": "pd-balanced",
                "effective_taints": [],
                "ephemeral_storage_local_ssd_config": [],
                "fast_socket": [],
                "gcfs_config": [],
                "guest_accelerator": [],
                "gvnic": [],
                "host_maintenance_policy": [],
                "image_type": "COS_CONTAINERD",
                "kubelet_config": [],
                "labels": {},
                "linux_node_config": [],
                "local_nvme_ssd_block_config": [],
                "local_ssd_count": 0,
                "logging_variant": "DEFAULT",
                "machine_type": "e2-medium",
                "metadata": {
                  "disable-legacy-endpoints": "true"
                },
                "min_cpu_platform": "",
                "node_group": "",
                "oauth_scopes": [
                  "https://www.googleapis.com/auth/devstorage.read_only",
                  "https://www.googleapis.com/auth/logging.write",
                  "https://www.googleapis.com/auth/monitoring",
                  "https://www.googleapis.com/auth/service.management.readonly",
                  "https://www.googleapis.com/auth/servicecontrol",
                  "https://www.googleapis.com/auth/trace.append"
                ],
                "preemptible": false,
                "reservation_affinity": [],
                "resource_labels": {},
                "service_account": "default",
                "shielded_instance_config": [
                  {
                    "enable_integrity_monitoring": true,
                    "enable_secure_boot": false
                  }
                ],
                "sole_tenant_config": [],
                "spot": false,
                "tags": [],
                "taint": [],
                "workload_metadata_config": []
              }
            ],
            "node_locations": [
              "us-central1-a",
              "us-central1-b",
              "us-central1-f"
            ],
            "node_pool": [
              {
                "autoscaling": [],
                "initial_node_count": 1,
                "instance_group_urls": [
                  "https://www.googleapis.com/compute/v1/projects/gd-gcp-gridu-devops-t1-t2/zones/us-central1-f/instanceGroupManagers/gke-vdjurovic-cluster-default-pool-7b6316e9-grp",
                  "https://www.googleapis.com/compute/v1/projects/gd-gcp-gridu-devops-t1-t2/zones/us-central1-a/instanceGroupManagers/gke-vdjurovic-cluster-default-pool-d89ac214-grp",
                  "https://www.googleapis.com/compute/v1/projects/gd-gcp-gridu-devops-t1-t2/zones/us-central1-b/instanceGroupManagers/gke-vdjurovic-cluster-default-pool-687ee531-grp"
                ],
                "managed_instance_group_urls": [
                  "https://www.googleapis.com/compute/v1/projects/gd-gcp-gridu-devops-t1-t2/zones/us-central1-f/instanceGroups/gke-vdjurovic-cluster-default-pool-7b6316e9-grp",
                  "https://www.googleapis.com/compute/v1/projects/gd-gcp-gridu-devops-t1-t2/zones/us-central1-a/instanceGroups/gke-vdjurovic-cluster-default-pool-d89ac214-grp",
                  "https://www.googleapis.com/compute/v1/projects/gd-gcp-gridu-devops-t1-t2/zones/us-central1-b/instanceGroups/gke-vdjurovic-cluster-default-pool-687ee531-grp"
                ],
                "management": [
                  {
                    "auto_repair": true,
                    "auto_upgrade": true
                  }
                ],
                "max_pods_per_node": 110,
                "name": "default-pool",
                "name_prefix": "",
                "network_config": [
                  {
                    "create_pod_range": false,
                    "enable_private_nodes": false,
                    "pod_cidr_overprovision_config": [],
                    "pod_ipv4_cidr_block": "10.96.0.0/14",
                    "pod_range": "gke-vdjurovic-cluster-pods-7ee7ef45"
                  }
                ],
                "node_config": [
                  {
                    "advanced_machine_features": [],
                    "boot_disk_kms_key": "",
                    "confidential_nodes": [],
                    "disk_size_gb": 100,
                    "disk_type": "pd-balanced",
                    "effective_taints": [],
                    "ephemeral_storage_local_ssd_config": [],
                    "fast_socket": [],
                    "gcfs_config": [],
                    "guest_accelerator": [],
                    "gvnic": [],
                    "host_maintenance_policy": [],
                    "image_type": "COS_CONTAINERD",
                    "kubelet_config": [],
                    "labels": {},
                    "linux_node_config": [],
                    "local_nvme_ssd_block_config": [],
                    "local_ssd_count": 0,
                    "logging_variant": "DEFAULT",
                    "machine_type": "e2-medium",
                    "metadata": {
                      "disable-legacy-endpoints": "true"
                    },
                    "min_cpu_platform": "",
                    "node_group": "",
                    "oauth_scopes": [
                      "https://www.googleapis.com/auth/devstorage.read_only",
                      "https://www.googleapis.com/auth/logging.write",
                      "https://www.googleapis.com/auth/monitoring",
                      "https://www.googleapis.com/auth/service.management.readonly",
                      "https://www.googleapis.com/auth/servicecontrol",
                      "https://www.googleapis.com/auth/trace.append"
                    ],
                    "preemptible": false,
                    "reservation_affinity": [],
                    "resource_labels": {},
                    "service_account": "default",
                    "shielded_instance_config": [
                      {
                        "enable_integrity_monitoring": true,
                        "enable_secure_boot": false
                      }
                    ],
                    "sole_tenant_config": [],
                    "spot": false,
                    "tags": [],
                    "taint": [],
                    "workload_metadata_config": []
                  }
                ],
                "node_count": 1,
                "node_locations": [
                  "us-central1-a",
                  "us-central1-b",
                  "us-central1-f"
                ],
                "placement_policy": [],
                "upgrade_settings": [
                  {
                    "blue_green_settings": [],
                    "max_surge": 1,
                    "max_unavailable": 0,
                    "strategy": "SURGE"
                  }
                ],
                "version": "1.27.3-gke.100"
              }
            ],
            "node_pool_auto_config": [],
            "node_pool_defaults": [
              {
                "node_config_defaults": [
                  {
                    "logging_variant": "DEFAULT"
                  }
                ]
              }
            ],
            "node_version": "1.27.3-gke.100",
            "notification_config": [
              {
                "pubsub": [
                  {
                    "enabled": false,
                    "filter": [],
                    "topic": ""
                  }
                ]
              }
            ],
            "operation": null,
            "private_cluster_config": [
              {
                "enable_private_endpoint": false,
                "enable_private_nodes": false,
                "master_global_access_config": [
                  {
                    "enabled": false
                  }
                ],
                "master_ipv4_cidr_block": "",
                "peering_name": "",
                "private_endpoint": "10.128.0.5",
                "private_endpoint_subnetwork": "",
                "public_endpoint": "34.70.167.77"
              }
            ],
            "private_ipv6_google_access": "",
            "project": "gd-gcp-gridu-devops-t1-t2",
            "release_channel": [
              {
                "channel": "REGULAR"
              }
            ],
            "remove_default_node_pool": null,
            "resource_labels": {},
            "resource_usage_export_config": [],
            "security_posture_config": [
              {
                "mode": "BASIC",
                "vulnerability_mode": "VULNERABILITY_MODE_UNSPECIFIED"
              }
            ],
            "self_link": "https://container.googleapis.com/v1/projects/gd-gcp-gridu-devops-t1-t2/locations/us-central1/clusters/vdjurovic-cluster",
            "service_external_ips_config": [
              {
                "enabled": false
              }
            ],
            "services_ipv4_cidr": "10.100.0.0/20",
            "subnetwork": "projects/gd-gcp-gridu-devops-t1-t2/regions/us-central1/subnetworks/default",
            "timeouts": null,
            "tpu_ipv4_cidr_block": "",
            "vertical_pod_autoscaling": [],
            "workload_identity_config": []
          },
          "sensitive_attributes": [],
          "private": "eyJlMmJmYjczMC1lY2FhLTExZTYtOGY4OC0zNDM2M2JjN2M0YzAiOnsiY3JlYXRlIjoyNDAwMDAwMDAwMDAwLCJkZWxldGUiOjI0MDAwMDAwMDAwMDAsInJlYWQiOjI0MDAwMDAwMDAwMDAsInVwZGF0ZSI6MzYwMDAwMDAwMDAwMH0sInNjaGVtYV92ZXJzaW9uIjoiMiJ9"
        }
      ]
    }
  ],
  "check_results": null
}
