{
  "version": 4,
  "terraform_version": "1.4.0",
  "serial": 115,
  "lineage": "e323ebd1-fa00-520c-5e2c-f484505cb760",
  "outputs": {},
  "resources": [
    {
      "mode": "managed",
      "type": "google_container_cluster",
      "name": "vdjurovic_cluster",
      "provider": "provider[\"registry.terraform.io/hashicorp/google\"]",
      "instances": [
        {
          "schema_version": 2,
          "attributes": {
            "addons_config": [
              {
                "cloudrun_config": [],
                "config_connector_config": [],
                "dns_cache_config": [],
                "gce_persistent_disk_csi_driver_config": [
                  {
                    "enabled": true
                  }
                ],
                "gcp_filestore_csi_driver_config": [],
                "gcs_fuse_csi_driver_config": [],
                "gke_backup_agent_config": [],
                "horizontal_pod_autoscaling": [],
                "http_load_balancing": [],
                "network_policy_config": [
                  {
                    "disabled": true
                  }
                ]
              }
            ],
            "allow_net_admin": null,
            "authenticator_groups_config": [],
            "binary_authorization": [
              {
                "enabled": false,
                "evaluation_mode": ""
              }
            ],
            "cluster_autoscaling": [
              {
                "auto_provisioning_defaults": [],
                "enabled": false,
                "resource_limits": []
              }
            ],
            "cluster_ipv4_cidr": "10.96.0.0/14",
            "confidential_nodes": [],
            "cost_management_config": [],
            "database_encryption": [
              {
                "key_name": "",
                "state": "DECRYPTED"
              }
            ],
            "datapath_provider": "",
            "default_max_pods_per_node": 110,
            "default_snat_status": [
              {
                "disabled": false
              }
            ],
            "deletion_protection": false,
            "description": "",
            "dns_config": [],
            "enable_autopilot": false,
            "enable_intranode_visibility": false,
            "enable_k8s_beta_apis": [],
            "enable_kubernetes_alpha": false,
            "enable_l4_ilb_subsetting": false,
            "enable_legacy_abac": false,
            "enable_shielded_nodes": true,
            "enable_tpu": false,
            "endpoint": "34.170.186.151",
            "gateway_api_config": [],
            "id": "projects/gd-gcp-gridu-devops-t1-t2/locations/us-central1/clusters/vdjurovic-cluster",
            "identity_service_config": [],
            "initial_node_count": 1,
            "ip_allocation_policy": [
              {
                "additional_pod_ranges_config": [],
                "cluster_ipv4_cidr_block": "10.96.0.0/14",
                "cluster_secondary_range_name": "gke-vdjurovic-cluster-pods-7b45f59b",
                "pod_cidr_overprovision_config": [
                  {
                    "disabled": false
                  }
                ],
                "services_ipv4_cidr_block": "10.100.0.0/20",
                "services_secondary_range_name": "gke-vdjurovic-cluster-services-7b45f59b",
                "stack_type": "IPV4"
              }
            ],
            "label_fingerprint": "a9dc16a7",
            "location": "us-central1",
            "logging_config": [
              {
                "enable_components": [
                  "SYSTEM_COMPONENTS",
                  "WORKLOADS"
                ]
              }
            ],
            "logging_service": "logging.googleapis.com/kubernetes",
            "maintenance_policy": [],
            "master_auth": [
              {
                "client_certificate": "",
                "client_certificate_config": [
                  {
                    "issue_client_certificate": false
                  }
                ],
                "client_key": "",
                "cluster_ca_certificate": "LS0tLS1CRUdJTiBDRVJUSUZJQ0FURS0tLS0tCk1JSUVMRENDQXBTZ0F3SUJBZ0lRSDFvR09xc0lKdFdWY09aNjVoZUdGakFOQmdrcWhraUc5dzBCQVFzRkFEQXYKTVMwd0t3WURWUVFERXlRd1lURTFNek0yTkMxbVl6RmxMVFF6T0dVdE9HRmpOaTB4TTJRME56QTBObVExTkdZdwpJQmNOTWpNeE1qRXdNakExTkRVNVdoZ1BNakExTXpFeU1ESXlNVFUwTlRsYU1DOHhMVEFyQmdOVkJBTVRKREJoCk1UVXpNelkwTFdaak1XVXRORE00WlMwNFlXTTJMVEV6WkRRM01EUTJaRFUwWmpDQ0FhSXdEUVlKS29aSWh2Y04KQVFFQkJRQURnZ0dQQURDQ0FZb0NnZ0dCQUx0WUFMSjN3TmlQaDhaMGt3U0xOSzZkV2VLWFNkZXlEczkzWUd1Swo5K3U5V21zbkgycXM3UVRBakVrbWp4dENweFVpSlpodHA5TEhtMGl4b2NLdi9tSENUN1Y4YlRrVzFkeW0rT0NHClFCN1pIKzBydXpKb09CcURHK3dZYVNkLzRDZ2VsSkgyT240RTBHSS9Da2J4YmVZaUtxKzN1KzZIRTlXZVpPRG4KL1ZjemQ0TzkvSnlVeVVGamZyQmNoSUJBTFRkWGhoV2loR0dFeHpUQjV4cnMva0xldmUrcVZCU1JwNlByb0pKZgp2T1hZSWQyd29NcXFzTW9jOUY2TXRyc0JMMzA1bUp1K3QvaHRsRm1BazM4MnlkWFRZcXlKT3dkdUlNRzd4VnpvCmd1MDRxNnJQd0NKNm9Nam10UU8rbVh4TkxrZmJLb29DWlpwQ09kc0VScmo0VXhOZ2VmbFI5K3FWMWdCd21MLy8KV2ZxU2dUTVVuOExrSmkyVktrZkZuQlJzLzNibVlrUTA3K2V0NmlhY1FZRXdVeTdkMnk1MmVkUXZYVE9oRVlLYgpSRXBtcjkzOE1JbW1qNzVSdnh1bTV1QUsySkJTeHJzSUdhUEZXODVZTnI1MUhwbWJWODlLNThDQmU1WldvVWkwCm1BVFhId2toT0psTTRMYVRQMFpIQ1hLbzl3SURBUUFCbzBJd1FEQU9CZ05WSFE4QkFmOEVCQU1DQWdRd0R3WUQKVlIwVEFRSC9CQVV3QXdFQi96QWRCZ05WSFE0RUZnUVVyWEo1YURWNkQxV0NTQys1R2xyenNHeWpPLzR3RFFZSgpLb1pJaHZjTkFRRUxCUUFEZ2dHQkFGY0ovNzhvNW41VDFjTW1iRmlMWmQxbHJLYWJscVFYYVpFNWdWWjUrcVlzCm5vNjM5c3RONzhKOWNNMndESnJreVNHdDI1QTlZZXo5eEh2c2ZVMnZ3YTBFWlVXeXNjelAvUHpxZllVbHNxTHoKVk9QSXpjWUNlcjVURXdMcTVuSlhqblNLc1JNSk9hNXZMYmw5WnJEcWUvMThaVFFnc2hqRHA1ZEVNdzRlek5ITQowTW5iaFYwNTI5NGUxYm1KS0NET3JXQUtsSm0vSXFMa2J0ZHdobXFNTnU5VVJJbXBEWWM5bWdQSjY1RzR2WHRZCjg1WGVTQzZ6WWhCeE51VWRtek1YZVo3OFY2RHFOUmE1RVdkQUhNeEo5TXhsMitTMVFOWnZOV3U2ZjFvMWJ3K20KMDNtTVJDMWRoM3dlT0hhTmRPQnZxRWZ1eTJla0FZRFRpR1FzdUlvbjNObUgyNXNKZFVMTWg4Y2kwcTJHSWxGNgptMTZHRW0xb1diVUNYb0xIc2hXN2VKSEIwYUxvcjBQaTlzSDR4bFF1cCttbEpBSE12TVVneGRYTTRMN2c1RnA3CkF3cURlZGltOFYvbGNId2FjSUJXdk9YU1ZHZWFWN05vY2FxQmxXMVpWbC9vdFRUR1FyYnBCYURhM2V2QWJMYVAKcDFSUGJnWWFFdHVHdStWZUd3L0hVdz09Ci0tLS0tRU5EIENFUlRJRklDQVRFLS0tLS0K"
              }
            ],
            "master_authorized_networks_config": [],
            "master_version": "1.27.3-gke.100",
            "mesh_certificates": [],
            "min_master_version": null,
            "monitoring_config": [
              {
                "advanced_datapath_observability_config": [
                  {
                    "enable_metrics": false,
                    "relay_mode": ""
                  }
                ],
                "enable_components": [
                  "SYSTEM_COMPONENTS"
                ],
                "managed_prometheus": [
                  {
                    "enabled": true
                  }
                ]
              }
            ],
            "monitoring_service": "monitoring.googleapis.com/kubernetes",
            "name": "vdjurovic-cluster",
            "network": "projects/gd-gcp-gridu-devops-t1-t2/global/networks/default",
            "network_policy": [
              {
                "enabled": false,
                "provider": "PROVIDER_UNSPECIFIED"
              }
            ],
            "networking_mode": "VPC_NATIVE",
            "node_config": [
              {
                "advanced_machine_features": [],
                "boot_disk_kms_key": "",
                "confidential_nodes": [],
                "disk_size_gb": 100,
                "disk_type": "pd-balanced",
                "effective_taints": [],
                "ephemeral_storage_local_ssd_config": [],
                "fast_socket": [],
                "gcfs_config": [],
                "guest_accelerator": [],
                "gvnic": [],
                "host_maintenance_policy": [],
                "image_type": "COS_CONTAINERD",
                "kubelet_config": [],
                "labels": {},
                "linux_node_config": [],
                "local_nvme_ssd_block_config": [],
                "local_ssd_count": 0,
                "logging_variant": "DEFAULT",
                "machine_type": "e2-medium",
                "metadata": {
                  "disable-legacy-endpoints": "true"
                },
                "min_cpu_platform": "",
                "node_group": "",
                "oauth_scopes": [
                  "https://www.googleapis.com/auth/devstorage.read_only",
                  "https://www.googleapis.com/auth/logging.write",
                  "https://www.googleapis.com/auth/monitoring",
                  "https://www.googleapis.com/auth/service.management.readonly",
                  "https://www.googleapis.com/auth/servicecontrol",
                  "https://www.googleapis.com/auth/trace.append"
                ],
                "preemptible": false,
                "reservation_affinity": [],
                "resource_labels": {},
                "service_account": "default",
                "shielded_instance_config": [
                  {
                    "enable_integrity_monitoring": true,
                    "enable_secure_boot": false
                  }
                ],
                "sole_tenant_config": [],
                "spot": false,
                "tags": [],
                "taint": [],
                "workload_metadata_config": []
              }
            ],
            "node_locations": [
              "us-central1-a",
              "us-central1-b",
              "us-central1-c"
            ],
            "node_pool": [
              {
                "autoscaling": [],
                "initial_node_count": 1,
                "instance_group_urls": [
                  "https://www.googleapis.com/compute/v1/projects/gd-gcp-gridu-devops-t1-t2/zones/us-central1-a/instanceGroupManagers/gke-vdjurovic-cluster-default-pool-c9db8b5c-grp",
                  "https://www.googleapis.com/compute/v1/projects/gd-gcp-gridu-devops-t1-t2/zones/us-central1-b/instanceGroupManagers/gke-vdjurovic-cluster-default-pool-99c800c7-grp",
                  "https://www.googleapis.com/compute/v1/projects/gd-gcp-gridu-devops-t1-t2/zones/us-central1-c/instanceGroupManagers/gke-vdjurovic-cluster-default-pool-d4e673d8-grp"
                ],
                "managed_instance_group_urls": [
                  "https://www.googleapis.com/compute/v1/projects/gd-gcp-gridu-devops-t1-t2/zones/us-central1-a/instanceGroups/gke-vdjurovic-cluster-default-pool-c9db8b5c-grp",
                  "https://www.googleapis.com/compute/v1/projects/gd-gcp-gridu-devops-t1-t2/zones/us-central1-b/instanceGroups/gke-vdjurovic-cluster-default-pool-99c800c7-grp",
                  "https://www.googleapis.com/compute/v1/projects/gd-gcp-gridu-devops-t1-t2/zones/us-central1-c/instanceGroups/gke-vdjurovic-cluster-default-pool-d4e673d8-grp"
                ],
                "management": [
                  {
                    "auto_repair": true,
                    "auto_upgrade": true
                  }
                ],
                "max_pods_per_node": 110,
                "name": "default-pool",
                "name_prefix": "",
                "network_config": [
                  {
                    "create_pod_range": false,
                    "enable_private_nodes": false,
                    "pod_cidr_overprovision_config": [],
                    "pod_ipv4_cidr_block": "10.96.0.0/14",
                    "pod_range": "gke-vdjurovic-cluster-pods-7b45f59b"
                  }
                ],
                "node_config": [
                  {
                    "advanced_machine_features": [],
                    "boot_disk_kms_key": "",
                    "confidential_nodes": [],
                    "disk_size_gb": 100,
                    "disk_type": "pd-balanced",
                    "effective_taints": [],
                    "ephemeral_storage_local_ssd_config": [],
                    "fast_socket": [],
                    "gcfs_config": [],
                    "guest_accelerator": [],
                    "gvnic": [],
                    "host_maintenance_policy": [],
                    "image_type": "COS_CONTAINERD",
                    "kubelet_config": [],
                    "labels": {},
                    "linux_node_config": [],
                    "local_nvme_ssd_block_config": [],
                    "local_ssd_count": 0,
                    "logging_variant": "DEFAULT",
                    "machine_type": "e2-medium",
                    "metadata": {
                      "disable-legacy-endpoints": "true"
                    },
                    "min_cpu_platform": "",
                    "node_group": "",
                    "oauth_scopes": [
                      "https://www.googleapis.com/auth/devstorage.read_only",
                      "https://www.googleapis.com/auth/logging.write",
                      "https://www.googleapis.com/auth/monitoring",
                      "https://www.googleapis.com/auth/service.management.readonly",
                      "https://www.googleapis.com/auth/servicecontrol",
                      "https://www.googleapis.com/auth/trace.append"
                    ],
                    "preemptible": false,
                    "reservation_affinity": [],
                    "resource_labels": {},
                    "service_account": "default",
                    "shielded_instance_config": [
                      {
                        "enable_integrity_monitoring": true,
                        "enable_secure_boot": false
                      }
                    ],
                    "sole_tenant_config": [],
                    "spot": false,
                    "tags": [],
                    "taint": [],
                    "workload_metadata_config": []
                  }
                ],
                "node_count": 1,
                "node_locations": [
                  "us-central1-a",
                  "us-central1-b",
                  "us-central1-c"
                ],
                "placement_policy": [],
                "upgrade_settings": [
                  {
                    "blue_green_settings": [],
                    "max_surge": 1,
                    "max_unavailable": 0,
                    "strategy": "SURGE"
                  }
                ],
                "version": "1.27.3-gke.100"
              }
            ],
            "node_pool_auto_config": [],
            "node_pool_defaults": [
              {
                "node_config_defaults": [
                  {
                    "logging_variant": "DEFAULT"
                  }
                ]
              }
            ],
            "node_version": "1.27.3-gke.100",
            "notification_config": [
              {
                "pubsub": [
                  {
                    "enabled": false,
                    "filter": [],
                    "topic": ""
                  }
                ]
              }
            ],
            "operation": null,
            "private_cluster_config": [
              {
                "enable_private_endpoint": false,
                "enable_private_nodes": false,
                "master_global_access_config": [
                  {
                    "enabled": false
                  }
                ],
                "master_ipv4_cidr_block": "",
                "peering_name": "",
                "private_endpoint": "10.128.0.3",
                "private_endpoint_subnetwork": "",
                "public_endpoint": "34.170.186.151"
              }
            ],
            "private_ipv6_google_access": "",
            "project": "gd-gcp-gridu-devops-t1-t2",
            "release_channel": [
              {
                "channel": "REGULAR"
              }
            ],
            "remove_default_node_pool": null,
            "resource_labels": null,
            "resource_usage_export_config": [],
            "security_posture_config": [
              {
                "mode": "BASIC",
                "vulnerability_mode": "VULNERABILITY_MODE_UNSPECIFIED"
              }
            ],
            "self_link": "https://container.googleapis.com/v1/projects/gd-gcp-gridu-devops-t1-t2/locations/us-central1/clusters/vdjurovic-cluster",
            "service_external_ips_config": [
              {
                "enabled": false
              }
            ],
            "services_ipv4_cidr": "10.100.0.0/20",
            "subnetwork": "projects/gd-gcp-gridu-devops-t1-t2/regions/us-central1/subnetworks/default",
            "timeouts": null,
            "tpu_ipv4_cidr_block": "",
            "vertical_pod_autoscaling": [],
            "workload_identity_config": []
          },
          "sensitive_attributes": [],
          "private": "eyJlMmJmYjczMC1lY2FhLTExZTYtOGY4OC0zNDM2M2JjN2M0YzAiOnsiY3JlYXRlIjoyNDAwMDAwMDAwMDAwLCJkZWxldGUiOjI0MDAwMDAwMDAwMDAsInJlYWQiOjI0MDAwMDAwMDAwMDAsInVwZGF0ZSI6MzYwMDAwMDAwMDAwMH0sInNjaGVtYV92ZXJzaW9uIjoiMiJ9"
        }
      ]
    }
  ],
  "check_results": null
}
